
Microsoft Visual Studio Solution File, Format Version 12.00
# Visual Studio 14
VisualStudioVersion = 14.0.25123.0
MinimumVisualStudioVersion = 10.0.40219.1
Project("{FAE04EC0-301F-11D3-BF4B-00C04F79EFBC}") = "HKOWebMVC4", "HKOWebMVC4\HKOWebMVC4.csproj", "{EC1FF320-B87A-4434-B4F1-39ED7004ED2E}"
EndProject
Project("{FAE04EC0-301F-11D3-BF4B-00C04F79EFBC}") = "HKOWebMVC4.Tests", "HKOWebMVC4.Tests\HKOWebMVC4.Tests.csproj", "{49DCFB9F-94EB-4826-B62E-2D0C4C92FEA8}"
EndProject
Project("{FAE04EC0-301F-11D3-BF4B-00C04F79EFBC}") = "SeleniumTests", "SeleniumTests\SeleniumTests.csproj", "{D7A66CD9-8052-49FB-AFD7-CDAE0F2605C7}"
EndProject
Global
	GlobalSection(SolutionConfigurationPlatforms) = preSolution
		Debug|Any CPU = Debug|Any CPU
		Release|Any CPU = Release|Any CPU
	EndGlobalSection
	GlobalSection(ProjectConfigurationPlatforms) = postSolution
		{EC1FF320-B87A-4434-B4F1-39ED7004ED2E}.Debug|Any CPU.ActiveCfg = Debug|Any CPU
		{EC1FF320-B87A-4434-B4F1-39ED7004ED2E}.Debug|Any CPU.Build.0 = Debug|Any CPU
		{EC1FF320-B87A-4434-B4F1-39ED7004ED2E}.Release|Any CPU.ActiveCfg = Release|Any CPU
		{EC1FF320-B87A-4434-B4F1-39ED7004ED2E}.Release|Any CPU.Build.0 = Release|Any CPU
		{49DCFB9F-94EB-4826-B62E-2D0C4C92FEA8}.Debug|Any CPU.ActiveCfg = Debug|Any CPU
		{49DCFB9F-94EB-4826-B62E-2D0C4C92FEA8}.Debug|Any CPU.Build.0 = Debug|Any CPU
		{49DCFB9F-94EB-4826-B62E-2D0C4C92FEA8}.Release|Any CPU.ActiveCfg = Release|Any CPU
		{49DCFB9F-94EB-4826-B62E-2D0C4C92FEA8}.Release|Any CPU.Build.0 = Release|Any CPU
		{D7A66CD9-8052-49FB-AFD7-CDAE0F2605C7}.Debug|Any CPU.ActiveCfg = Debug|Any CPU
		{D7A66CD9-8052-49FB-AFD7-CDAE0F2605C7}.Debug|Any CPU.Build.0 = Debug|Any CPU
		{D7A66CD9-8052-49FB-AFD7-CDAE0F2605C7}.Release|Any CPU.ActiveCfg = Release|Any CPU
		{D7A66CD9-8052-49FB-AFD7-CDAE0F2605C7}.Release|Any CPU.Build.0 = Release|Any CPU
	EndGlobalSection
	GlobalSection(SolutionProperties) = preSolution
		HideSolutionNode = FALSE
	EndGlobalSection
EndGlobal
